
Microsoft Visual Studio Solution File, Format Version 12.00
# Visual Studio Version 17
VisualStudioVersion = 17.3.32929.385
MinimumVisualStudioVersion = 10.0.40219.1
Project("{FAE04EC0-301F-11D3-BF4B-00C04F79EFBC}") = "WindowsFormsApp1", "WindowsFormsApp1\WindowsFormsApp1.csproj", "{459E3887-0466-40B9-83B0-13C3D7DA16D7}"
EndProject
Global
	GlobalSection(SolutionConfigurationPlatforms) = preSolution
		Debug|Any CPU = Debug|Any CPU
		Release|Any CPU = Release|Any CPU
	EndGlobalSection
	GlobalSection(ProjectConfigurationPlatforms) = postSolution
		{459E3887-0466-40B9-83B0-13C3D7DA16D7}.Debug|Any CPU.ActiveCfg = Debug|Any CPU
		{459E3887-0466-40B9-83B0-13C3D7DA16D7}.Debug|Any CPU.Build.0 = Debug|Any CPU
		{459E3887-0466-40B9-83B0-13C3D7DA16D7}.Release|Any CPU.ActiveCfg = Release|Any CPU
		{459E3887-0466-40B9-83B0-13C3D7DA16D7}.Release|Any CPU.Build.0 = Release|Any CPU
	EndGlobalSection
	GlobalSection(SolutionProperties) = preSolution
		HideSolutionNode = FALSE
	EndGlobalSection
	GlobalSection(ExtensibilityGlobals) = postSolution
		SolutionGuid = {2DA6662B-B09D-42F6-9647-C9EC92E84508}
	EndGlobalSection
EndGlobal
